// !$*UTF8*$!
{
	archiveVersion = 1;
	classes = {
	};
	objectVersion = 46;
	objects = {

/* Begin PBXBuildFile section */
		F295E55F1B1C2D3400637674 /* AppDelegate.swift in Sources */ = {isa = PBXBuildFile; fileRef = F295E55E1B1C2D3400637674 /* AppDelegate.swift */; };
		F295E5621B1C2D3400637674 /* Hey_Chinese.xcdatamodeld in Sources */ = {isa = PBXBuildFile; fileRef = F295E5601B1C2D3400637674 /* Hey_Chinese.xcdatamodeld */; };
		F295E5641B1C2D3400637674 /* ViewController.swift in Sources */ = {isa = PBXBuildFile; fileRef = F295E5631B1C2D3400637674 /* ViewController.swift */; };
		F295E5671B1C2D3400637674 /* Main.storyboard in Resources */ = {isa = PBXBuildFile; fileRef = F295E5651B1C2D3400637674 /* Main.storyboard */; };
		F295E5691B1C2D3400637674 /* Images.xcassets in Resources */ = {isa = PBXBuildFile; fileRef = F295E5681B1C2D3400637674 /* Images.xcassets */; };
		F295E56C1B1C2D3400637674 /* LaunchScreen.xib in Resources */ = {isa = PBXBuildFile; fileRef = F295E56A1B1C2D3400637674 /* LaunchScreen.xib */; };
		F295E5781B1C2D3400637674 /* Hey_ChineseTests.swift in Sources */ = {isa = PBXBuildFile; fileRef = F295E5771B1C2D3400637674 /* Hey_ChineseTests.swift */; };
/* End PBXBuildFile section */

/* Begin PBXContainerItemProxy section */
		F295E5721B1C2D3400637674 /* PBXContainerItemProxy */ = {
			isa = PBXContainerItemProxy;
			containerPortal = F295E5511B1C2D3400637674 /* Project object */;
			proxyType = 1;
			remoteGlobalIDString = F295E5581B1C2D3400637674;
			remoteInfo = "Hey-Chinese";
		};
/* End PBXContainerItemProxy section */

/* Begin PBXFileReference section */
		F295E5591B1C2D3400637674 /* Hey-Chinese.app */ = {isa = PBXFileReference; explicitFileType = wrapper.application; includeInIndex = 0; path = "Hey-Chinese.app"; sourceTree = BUILT_PRODUCTS_DIR; };
		F295E55D1B1C2D3400637674 /* Info.plist */ = {isa = PBXFileReference; lastKnownFileType = text.plist.xml; path = Info.plist; sourceTree = "<group>"; };
		F295E55E1B1C2D3400637674 /* AppDelegate.swift */ = {isa = PBXFileReference; lastKnownFileType = sourcecode.swift; path = AppDelegate.swift; sourceTree = "<group>"; };
		F295E5611B1C2D3400637674 /* Hey_Chinese.xcdatamodel */ = {isa = PBXFileReference; lastKnownFileType = wrapper.xcdatamodel; path = Hey_Chinese.xcdatamodel; sourceTree = "<group>"; };
		F295E5631B1C2D3400637674 /* ViewController.swift */ = {isa = PBXFileReference; lastKnownFileType = sourcecode.swift; path = ViewController.swift; sourceTree = "<group>"; };
		F295E5661B1C2D3400637674 /* Base */ = {isa = PBXFileReference; lastKnownFileType = file.storyboard; name = Base; path = Base.lproj/Main.storyboard; sourceTree = "<group>"; };
		F295E5681B1C2D3400637674 /* Images.xcassets */ = {isa = PBXFileReference; lastKnownFileType = folder.assetcatalog; path = Images.xcassets; sourceTree = "<group>"; };
		F295E56B1B1C2D3400637674 /* Base */ = {isa = PBXFileReference; lastKnownFileType = file.xib; name = Base; path = Base.lproj/LaunchScreen.xib; sourceTree = "<group>"; };
		F295E5711B1C2D3400637674 /* Hey-ChineseTests.xctest */ = {isa = PBXFileReference; explicitFileType = wrapper.cfbundle; includeInIndex = 0; path = "Hey-ChineseTests.xctest"; sourceTree = BUILT_PRODUCTS_DIR; };
		F295E5761B1C2D3400637674 /* Info.plist */ = {isa = PBXFileReference; lastKnownFileType = text.plist.xml; path = Info.plist; sourceTree = "<group>"; };
		F295E5771B1C2D3400637674 /* Hey_ChineseTests.swift */ = {isa = PBXFileReference; lastKnownFileType = sourcecode.swift; path = Hey_ChineseTests.swift; sourceTree = "<group>"; };
/* End PBXFileReference section */

/* Begin PBXFrameworksBuildPhase section */
		F295E5561B1C2D3400637674 /* Frameworks */ = {
			isa = PBXFrameworksBuildPhase;
			buildActionMask = 2147483647;
			files = (
			);
			runOnlyForDeploymentPostprocessing = 0;
		};
		F295E56E1B1C2D3400637674 /* Frameworks */ = {
			isa = PBXFrameworksBuildPhase;
			buildActionMask = 2147483647;
			files = (
			);
			runOnlyForDeploymentPostprocessing = 0;
		};
/* End PBXFrameworksBuildPhase section */

/* Begin PBXGroup section */
		F295E5501B1C2D3400637674 = {
			isa = PBXGroup;
			children = (
				F295E55B1B1C2D3400637674 /* Hey-Chinese */,
				F295E5741B1C2D3400637674 /* Hey-ChineseTests */,
				F295E55A1B1C2D3400637674 /* Products */,
			);
			sourceTree = "<group>";
		};
		F295E55A1B1C2D3400637674 /* Products */ = {
			isa = PBXGroup;
			children = (
				F295E5591B1C2D3400637674 /* Hey-Chinese.app */,
				F295E5711B1C2D3400637674 /* Hey-ChineseTests.xctest */,
			);
			name = Products;
			sourceTree = "<group>";
		};
		F295E55B1B1C2D3400637674 /* Hey-Chinese */ = {
			isa = PBXGroup;
			children = (
				F295E55E1B1C2D3400637674 /* AppDelegate.swift */,
				F295E5631B1C2D3400637674 /* ViewController.swift */,
				F295E5651B1C2D3400637674 /* Main.storyboard */,
				F295E5681B1C2D3400637674 /* Images.xcassets */,
				F295E56A1B1C2D3400637674 /* LaunchScreen.xib */,
				F295E5601B1C2D3400637674 /* Hey_Chinese.xcdatamodeld */,
				F295E55C1B1C2D3400637674 /* Supporting Files */,
			);
			path = "Hey-Chinese";
			sourceTree = "<group>";
		};
		F295E55C1B1C2D3400637674 /* Supporting Files */ = {
			isa = PBXGroup;
			children = (
				F295E55D1B1C2D3400637674 /* Info.plist */,
			);
			name = "Supporting Files";
			sourceTree = "<group>";
		};
		F295E5741B1C2D3400637674 /* Hey-ChineseTests */ = {
			isa = PBXGroup;
			children = (
				F295E5771B1C2D3400637674 /* Hey_ChineseTests.swift */,
				F295E5751B1C2D3400637674 /* Supporting Files */,
			);
			path = "Hey-ChineseTests";
			sourceTree = "<group>";
		};
		F295E5751B1C2D3400637674 /* Supporting Files */ = {
			isa = PBXGroup;
			children = (
				F295E5761B1C2D3400637674 /* Info.plist */,
			);
			name = "Supporting Files";
			sourceTree = "<group>";
		};
/* End PBXGroup section */

/* Begin PBXNativeTarget section */
		F295E5581B1C2D3400637674 /* Hey-Chinese */ = {
			isa = PBXNativeTarget;
			buildConfigurationList = F295E57B1B1C2D3400637674 /* Build configuration list for PBXNativeTarget "Hey-Chinese" */;
			buildPhases = (
				F295E5551B1C2D3400637674 /* Sources */,
				F295E5561B1C2D3400637674 /* Frameworks */,
				F295E5571B1C2D3400637674 /* Resources */,
			);
			buildRules = (
			);
			dependencies = (
			);
			name = "Hey-Chinese";
			productName = "Hey-Chinese";
			productReference = F295E5591B1C2D3400637674 /* Hey-Chinese.app */;
			productType = "com.apple.product-type.application";
		};
		F295E5701B1C2D3400637674 /* Hey-ChineseTests */ = {
			isa = PBXNativeTarget;
			buildConfigurationList = F295E57E1B1C2D3400637674 /* Build configuration list for PBXNativeTarget "Hey-ChineseTests" */;
			buildPhases = (
				F295E56D1B1C2D3400637674 /* Sources */,
				F295E56E1B1C2D3400637674 /* Frameworks */,
				F295E56F1B1C2D3400637674 /* Resources */,
			);
			buildRules = (
			);
			dependencies = (
				F295E5731B1C2D3400637674 /* PBXTargetDependency */,
			);
			name = "Hey-ChineseTests";
			productName = "Hey-ChineseTests";
			productReference = F295E5711B1C2D3400637674 /* Hey-ChineseTests.xctest */;
			productType = "com.apple.product-type.bundle.unit-test";
		};
/* End PBXNativeTarget section */

/* Begin PBXProject section */
		F295E5511B1C2D3400637674 /* Project object */ = {
			isa = PBXProject;
			attributes = {
				LastUpgradeCheck = 0630;
				ORGANIZATIONNAME = Fiona;
				TargetAttributes = {
					F295E5581B1C2D3400637674 = {
						CreatedOnToolsVersion = 6.3.1;
					};
					F295E5701B1C2D3400637674 = {
						CreatedOnToolsVersion = 6.3.1;
						TestTargetID = F295E5581B1C2D3400637674;
					};
				};
			};
			buildConfigurationList = F295E5541B1C2D3400637674 /* Build configuration list for PBXProject "Hey-Chinese" */;
			compatibilityVersion = "Xcode 3.2";
			developmentRegion = English;
			hasScannedForEncodings = 0;
			knownRegions = (
				en,
				Base,
			);
			mainGroup = F295E5501B1C2D3400637674;
			productRefGroup = F295E55A1B1C2D3400637674 /* Products */;
			projectDirPath = "";
			projectRoot = "";
			targets = (
				F295E5581B1C2D3400637674 /* Hey-Chinese */,
				F295E5701B1C2D3400637674 /* Hey-ChineseTests */,
			);
		};
/* End PBXProject section */

/* Begin PBXResourcesBuildPhase section */
		F295E5571B1C2D3400637674 /* Resources */ = {
			isa = PBXResourcesBuildPhase;
			buildActionMask = 2147483647;
			files = (
				F295E5671B1C2D3400637674 /* Main.storyboard in Resources */,
				F295E56C1B1C2D3400637674 /* LaunchScreen.xib in Resources */,
				F295E5691B1C2D3400637674 /* Images.xcassets in Resources */,
			);
			runOnlyForDeploymentPostprocessing = 0;
		};
		F295E56F1B1C2D3400637674 /* Resources */ = {
			isa = PBXResourcesBuildPhase;
			buildActionMask = 2147483647;
			files = (
			);
			runOnlyForDeploymentPostprocessing = 0;
		};
/* End PBXResourcesBuildPhase section */

/* Begin PBXSourcesBuildPhase section */
		F295E5551B1C2D3400637674 /* Sources */ = {
			isa = PBXSourcesBuildPhase;
			buildActionMask = 2147483647;
			files = (
				F295E5641B1C2D3400637674 /* ViewController.swift in Sources */,
				F295E5621B1C2D3400637674 /* Hey_Chinese.xcdatamodeld in Sources */,
				F295E55F1B1C2D3400637674 /* AppDelegate.swift in Sources */,
			);
			runOnlyForDeploymentPostprocessing = 0;
		};
		F295E56D1B1C2D3400637674 /* Sources */ = {
			isa = PBXSourcesBuildPhase;
			buildActionMask = 2147483647;
			files = (
				F295E5781B1C2D3400637674 /* Hey_ChineseTests.swift in Sources */,
			);
			runOnlyForDeploymentPostprocessing = 0;
		};
/* End PBXSourcesBuildPhase section */

/* Begin PBXTargetDependency section */
		F295E5731B1C2D3400637674 /* PBXTargetDependency */ = {
			isa = PBXTargetDependency;
			target = F295E5581B1C2D3400637674 /* Hey-Chinese */;
			targetProxy = F295E5721B1C2D3400637674 /* PBXContainerItemProxy */;
		};
/* End PBXTargetDependency section */

/* Begin PBXVariantGroup section */
		F295E5651B1C2D3400637674 /* Main.storyboard */ = {
			isa = PBXVariantGroup;
			children = (
				F295E5661B1C2D3400637674 /* Base */,
			);
			name = Main.storyboard;
			sourceTree = "<group>";
		};
		F295E56A1B1C2D3400637674 /* LaunchScreen.xib */ = {
			isa = PBXVariantGroup;
			children = (
				F295E56B1B1C2D3400637674 /* Base */,
			);
			name = LaunchScreen.xib;
			sourceTree = "<group>";
		};
/* End PBXVariantGroup section */

/* Begin XCBuildConfiguration section */
		F295E5791B1C2D3400637674 /* Debug */ = {
			isa = XCBuildConfiguration;
			buildSettings = {
				ALWAYS_SEARCH_USER_PATHS = NO;
				CLANG_CXX_LANGUAGE_STANDARD = "gnu++0x";
				CLANG_CXX_LIBRARY = "libc++";
				CLANG_ENABLE_MODULES = YES;
				CLANG_ENABLE_OBJC_ARC = YES;
				CLANG_WARN_BOOL_CONVERSION = YES;
				CLANG_WARN_CONSTANT_CONVERSION = YES;
				CLANG_WARN_DIRECT_OBJC_ISA_USAGE = YES_ERROR;
				CLANG_WARN_EMPTY_BODY = YES;
				CLANG_WARN_ENUM_CONVERSION = YES;
				CLANG_WARN_INT_CONVERSION = YES;
				CLANG_WARN_OBJC_ROOT_CLASS = YES_ERROR;
				CLANG_WARN_UNREACHABLE_CODE = YES;
				CLANG_WARN__DUPLICATE_METHOD_MATCH = YES;
				"CODE_SIGN_IDENTITY[sdk=iphoneos*]" = "iPhone Developer";
				COPY_PHASE_STRIP = NO;
				DEBUG_INFORMATION_FORMAT = "dwarf-with-dsym";
				ENABLE_STRICT_OBJC_MSGSEND = YES;
				GCC_C_LANGUAGE_STANDARD = gnu99;
				GCC_DYNAMIC_NO_PIC = NO;
				GCC_NO_COMMON_BLOCKS = YES;
				GCC_OPTIMIZATION_LEVEL = 0;
				GCC_PREPROCESSOR_DEFINITIONS = (
					"DEBUG=1",
					"$(inherited)",
				);
				GCC_SYMBOLS_PRIVATE_EXTERN = NO;
				GCC_WARN_64_TO_32_BIT_CONVERSION = YES;
				GCC_WARN_ABOUT_RETURN_TYPE = YES_ERROR;
				GCC_WARN_UNDECLARED_SELECTOR = YES;
				GCC_WARN_UNINITIALIZED_AUTOS = YES_AGGRESSIVE;
				GCC_WARN_UNUSED_FUNCTION = YES;
				GCC_WARN_UNUSED_VARIABLE = YES;
				IPHONEOS_DEPLOYMENT_TARGET = 8.3;
				MTL_ENABLE_DEBUG_INFO = YES;
				ONLY_ACTIVE_ARCH = YES;
				SDKROOT = iphoneos;
				SWIFT_OPTIMIZATION_LEVEL = "-Onone";
			};
			name = Debug;
		};
		F295E57A1B1C2D3400637674 /* Release */ = {
			isa = XCBuildConfiguration;
			buildSettings = {
				ALWAYS_SEARCH_USER_PATHS = NO;
				CLANG_CXX_LANGUAGE_STANDARD = "gnu++0x";
				CLANG_CXX_LIBRARY = "libc++";
				CLANG_ENABLE_MODULES = YES;
				CLANG_ENABLE_OBJC_ARC = YES;
				CLANG_WARN_BOOL_CONVERSION = YES;
				CLANG_WARN_CONSTANT_CONVERSION = YES;
				CLANG_WARN_DIRECT_OBJC_ISA_USAGE = YES_ERROR;
				CLANG_WARN_EMPTY_BODY = YES;
				CLANG_WARN_ENUM_CONVERSION = YES;
				CLANG_WARN_INT_CONVERSION = YES;
				CLANG_WARN_OBJC_ROOT_CLASS = YES_ERROR;
				CLANG_WARN_UNREACHABLE_CODE = YES;
				CLANG_WARN__DUPLICATE_METHOD_MATCH = YES;
				"CODE_SIGN_IDENTITY[sdk=iphoneos*]" = "iPhone Developer";
				COPY_PHASE_STRIP = NO;
				DEBUG_INFORMATION_FORMAT = "dwarf-with-dsym";
				ENABLE_NS_ASSERTIONS = NO;
				ENABLE_STRICT_OBJC_MSGSEND = YES;
				GCC_C_LANGUAGE_STANDARD = gnu99;
				GCC_NO_COMMON_BLOCKS = YES;
				GCC_WARN_64_TO_32_BIT_CONVERSION = YES;
				GCC_WARN_ABOUT_RETURN_TYPE = YES_ERROR;
				GCC_WARN_UNDECLARED_SELECTOR = YES;
				GCC_WARN_UNINITIALIZED_AUTOS = YES_AGGRESSIVE;
				GCC_WARN_UNUSED_FUNCTION = YES;
				GCC_WARN_UNUSED_VARIABLE = YES;
				IPHONEOS_DEPLOYMENT_TARGET = 8.3;
				MTL_ENABLE_DEBUG_INFO = NO;
				SDKROOT = iphoneos;
				VALIDATE_PRODUCT = YES;
			};
			name = Release;
		};
		F295E57C1B1C2D3400637674 /* Debug */ = {
			isa = XCBuildConfiguration;
			buildSettings = {
				ASSETCATALOG_COMPILER_APPICON_NAME = AppIcon;
				INFOPLIST_FILE = "Hey-Chinese/Info.plist";
				LD_RUNPATH_SEARCH_PATHS = "$(inherited) @executable_path/Frameworks";
				PRODUCT_NAME = "$(TARGET_NAME)";
			};
			name = Debug;
		};
		F295E57D1B1C2D3400637674 /* Release */ = {
			isa = XCBuildConfiguration;
			buildSettings = {
				ASSETCATALOG_COMPILER_APPICON_NAME = AppIcon;
				INFOPLIST_FILE = "Hey-Chinese/Info.plist";
				LD_RUNPATH_SEARCH_PATHS = "$(inherited) @executable_path/Frameworks";
				PRODUCT_NAME = "$(TARGET_NAME)";
			};
			name = Release;
		};
		F295E57F1B1C2D3400637674 /* Debug */ = {
			isa = XCBuildConfiguration;
			buildSettings = {
				BUNDLE_LOADER = "$(TEST_HOST)";
				FRAMEWORK_SEARCH_PATHS = (
					"$(SDKROOT)/Developer/Library/Frameworks",
					"$(inherited)",
				);
				GCC_PREPROCESSOR_DEFINITIONS = (
					"DEBUG=1",
					"$(inherited)",
				);
				INFOPLIST_FILE = "Hey-ChineseTests/Info.plist";
				LD_RUNPATH_SEARCH_PATHS = "$(inherited) @executable_path/Frameworks @loader_path/Frameworks";
				PRODUCT_NAME = "$(TARGET_NAME)";
				TEST_HOST = "$(BUILT_PRODUCTS_DIR)/Hey-Chinese.app/Hey-Chinese";
			};
			name = Debug;
		};
		F295E5801B1C2D3400637674 /* Release */ = {
			isa = XCBuildConfiguration;
			buildSettings = {
				BUNDLE_LOADER = "$(TEST_HOST)";
				FRAMEWORK_SEARCH_PATHS = (
					"$(SDKROOT)/Developer/Library/Frameworks",
					"$(inherited)",
				);
				INFOPLIST_FILE = "Hey-ChineseTests/Info.plist";
				LD_RUNPATH_SEARCH_PATHS = "$(inherited) @executable_path/Frameworks @loader_path/Frameworks";
				PRODUCT_NAME = "$(TARGET_NAME)";
				TEST_HOST = "$(BUILT_PRODUCTS_DIR)/Hey-Chinese.app/Hey-Chinese";
			};
			name = Release;
		};
/* End XCBuildConfiguration section */

/* Begin XCConfigurationList section */
		F295E5541B1C2D3400637674 /* Build configuration list for PBXProject "Hey-Chinese" */ = {
			isa = XCConfigurationList;
			buildConfigurations = (
				F295E5791B1C2D3400637674 /* Debug */,
				F295E57A1B1C2D3400637674 /* Release */,
			);
			defaultConfigurationIsVisible = 0;
			defaultConfigurationName = Release;
		};
		F295E57B1B1C2D3400637674 /* Build configuration list for PBXNativeTarget "Hey-Chinese" */ = {
			isa = XCConfigurationList;
			buildConfigurations = (
				F295E57C1B1C2D3400637674 /* Debug */,
				F295E57D1B1C2D3400637674 /* Release */,
			);
			defaultConfigurationIsVisible = 0;
		};
		F295E57E1B1C2D3400637674 /* Build configuration list for PBXNativeTarget "Hey-ChineseTests" */ = {
			isa = XCConfigurationList;
			buildConfigurations = (
				F295E57F1B1C2D3400637674 /* Debug */,
				F295E5801B1C2D3400637674 /* Release */,
			);
			defaultConfigurationIsVisible = 0;
		};
/* End XCConfigurationList section */

/* Begin XCVersionGroup section */
		F295E5601B1C2D3400637674 /* Hey_Chinese.xcdatamodeld */ = {
			isa = XCVersionGroup;
			children = (
				F295E5611B1C2D3400637674 /* Hey_Chinese.xcdatamodel */,
			);
			currentVersion = F295E5611B1C2D3400637674 /* Hey_Chinese.xcdatamodel */;
			path = Hey_Chinese.xcdatamodeld;
			sourceTree = "<group>";
			versionGroupType = wrapper.xcdatamodel;
		};
/* End XCVersionGroup section */
	};
	rootObject = F295E5511B1C2D3400637674 /* Project object */;
}
